
Microsoft Visual Studio Solution File, Format Version 12.00
# Visual Studio 15
Project("{FAE04EC0-301F-11D3-BF4B-00C04F79EFBC}") = "Abacus@github", "Assembly-CSharp.csproj", "{374FEA09-B3DF-1471-6A08-7C3A8CAF6FE8}"
EndProject
Project("{FAE04EC0-301F-11D3-BF4B-00C04F79EFBC}") = "Abacus@github", "Assembly-CSharp-Editor.csproj", "{9756A49D-924B-2113-F117-CC936ABAD37B}"
EndProject
Global
	GlobalSection(SolutionConfigurationPlatforms) = preSolution
		Debug|Any CPU = Debug|Any CPU
		Release|Any CPU = Release|Any CPU
	EndGlobalSection
	GlobalSection(ProjectConfigurationPlatforms) = postSolution
		{374FEA09-B3DF-1471-6A08-7C3A8CAF6FE8}.Debug|Any CPU.ActiveCfg = Debug|Any CPU
		{374FEA09-B3DF-1471-6A08-7C3A8CAF6FE8}.Debug|Any CPU.Build.0 = Debug|Any CPU
		{374FEA09-B3DF-1471-6A08-7C3A8CAF6FE8}.Release|Any CPU.ActiveCfg = Release|Any CPU
		{374FEA09-B3DF-1471-6A08-7C3A8CAF6FE8}.Release|Any CPU.Build.0 = Release|Any CPU
		{9756A49D-924B-2113-F117-CC936ABAD37B}.Debug|Any CPU.ActiveCfg = Debug|Any CPU
		{9756A49D-924B-2113-F117-CC936ABAD37B}.Debug|Any CPU.Build.0 = Debug|Any CPU
		{9756A49D-924B-2113-F117-CC936ABAD37B}.Release|Any CPU.ActiveCfg = Release|Any CPU
		{9756A49D-924B-2113-F117-CC936ABAD37B}.Release|Any CPU.Build.0 = Release|Any CPU
	EndGlobalSection
	GlobalSection(SolutionProperties) = preSolution
		HideSolutionNode = FALSE
	EndGlobalSection
EndGlobal
